
Microsoft Visual Studio Solution File, Format Version 12.00
# Visual Studio Version 17
VisualStudioVersion = 17.10.35013.160
MinimumVisualStudioVersion = 10.0.40219.1
Project("{FAE04EC0-301F-11D3-BF4B-00C04F79EFBC}") = "WpfApp1", "WpfApp1\WpfApp1.csproj", "{97A41D2E-9A57-4E7D-B6CE-DE29BC494F0A}"
EndProject
Project("{FAE04EC0-301F-11D3-BF4B-00C04F79EFBC}") = "UnitTestProject1", "UnitTestProject1\UnitTestProject1.csproj", "{CA991F50-BB5B-4E68-A49E-A9295181B37A}"
EndProject
Global
	GlobalSection(SolutionConfigurationPlatforms) = preSolution
		Debug|Any CPU = Debug|Any CPU
		Release|Any CPU = Release|Any CPU
	EndGlobalSection
	GlobalSection(ProjectConfigurationPlatforms) = postSolution
		{97A41D2E-9A57-4E7D-B6CE-DE29BC494F0A}.Debug|Any CPU.ActiveCfg = Debug|Any CPU
		{97A41D2E-9A57-4E7D-B6CE-DE29BC494F0A}.Debug|Any CPU.Build.0 = Debug|Any CPU
		{97A41D2E-9A57-4E7D-B6CE-DE29BC494F0A}.Release|Any CPU.ActiveCfg = Release|Any CPU
		{97A41D2E-9A57-4E7D-B6CE-DE29BC494F0A}.Release|Any CPU.Build.0 = Release|Any CPU
		{CA991F50-BB5B-4E68-A49E-A9295181B37A}.Debug|Any CPU.ActiveCfg = Debug|Any CPU
		{CA991F50-BB5B-4E68-A49E-A9295181B37A}.Debug|Any CPU.Build.0 = Debug|Any CPU
		{CA991F50-BB5B-4E68-A49E-A9295181B37A}.Release|Any CPU.ActiveCfg = Release|Any CPU
		{CA991F50-BB5B-4E68-A49E-A9295181B37A}.Release|Any CPU.Build.0 = Release|Any CPU
	EndGlobalSection
	GlobalSection(SolutionProperties) = preSolution
		HideSolutionNode = FALSE
	EndGlobalSection
	GlobalSection(ExtensibilityGlobals) = postSolution
		SolutionGuid = {CCDDF45D-5176-44BF-984F-376D506614E0}
	EndGlobalSection
EndGlobal
